// !$*UTF8*$!
{
	archiveVersion = 1;
	classes = {
	};
	objectVersion = 50;
	objects = {

/* Begin PBXBuildFile section */
		EB6E13452376E7DD002FEF40 /* MyView.swift in Sources */ = {isa = PBXBuildFile; fileRef = EB6E13442376E7DD002FEF40 /* MyView.swift */; };
		EB99B1B32376D35900B93C9A /* BaseLibrary.h in Headers */ = {isa = PBXBuildFile; fileRef = EB99B1B12376D35900B93C9A /* BaseLibrary.h */; settings = {ATTRIBUTES = (Public, ); }; };
		EB99B1BB2376D3EE00B93C9A /* FacadeBase.swift in Sources */ = {isa = PBXBuildFile; fileRef = EB99B1BA2376D3EE00B93C9A /* FacadeBase.swift */; };
		EB99B1BD2376D41300B93C9A /* FacadeClient.swift in Sources */ = {isa = PBXBuildFile; fileRef = EB99B1BC2376D41300B93C9A /* FacadeClient.swift */; };
		EB99B1BF2376D41E00B93C9A /* Parser.swift in Sources */ = {isa = PBXBuildFile; fileRef = EB99B1BE2376D41E00B93C9A /* Parser.swift */; };
		EB99B1CE2376D62200B93C9A /* ModelBase.swift in Sources */ = {isa = PBXBuildFile; fileRef = EB99B1CD2376D62200B93C9A /* ModelBase.swift */; };
		EB99B1DC2376DB2B00B93C9A /* CommandBase.swift in Sources */ = {isa = PBXBuildFile; fileRef = EB99B1DB2376DB2B00B93C9A /* CommandBase.swift */; };
		EB99B1DE2376DB4300B93C9A /* CommandCallbacks.swift in Sources */ = {isa = PBXBuildFile; fileRef = EB99B1DD2376DB4300B93C9A /* CommandCallbacks.swift */; };
		EB99B1E02376DB5A00B93C9A /* Reachability.swift in Sources */ = {isa = PBXBuildFile; fileRef = EB99B1DF2376DB5A00B93C9A /* Reachability.swift */; };
		EB99B1E22376DC5100B93C9A /* Execute.swift in Sources */ = {isa = PBXBuildFile; fileRef = EB99B1E12376DC5100B93C9A /* Execute.swift */; };
/* End PBXBuildFile section */

/* Begin PBXFileReference section */
		EB6E13442376E7DD002FEF40 /* MyView.swift */ = {isa = PBXFileReference; lastKnownFileType = sourcecode.swift; path = MyView.swift; sourceTree = "<group>"; };
		EB99B1AE2376D35900B93C9A /* BaseLibrary.framework */ = {isa = PBXFileReference; explicitFileType = wrapper.framework; includeInIndex = 0; path = BaseLibrary.framework; sourceTree = BUILT_PRODUCTS_DIR; };
		EB99B1B12376D35900B93C9A /* BaseLibrary.h */ = {isa = PBXFileReference; lastKnownFileType = sourcecode.c.h; path = BaseLibrary.h; sourceTree = "<group>"; };
		EB99B1B22376D35900B93C9A /* Info.plist */ = {isa = PBXFileReference; lastKnownFileType = text.plist.xml; path = Info.plist; sourceTree = "<group>"; };
		EB99B1BA2376D3EE00B93C9A /* FacadeBase.swift */ = {isa = PBXFileReference; lastKnownFileType = sourcecode.swift; path = FacadeBase.swift; sourceTree = "<group>"; };
		EB99B1BC2376D41300B93C9A /* FacadeClient.swift */ = {isa = PBXFileReference; lastKnownFileType = sourcecode.swift; path = FacadeClient.swift; sourceTree = "<group>"; };
		EB99B1BE2376D41E00B93C9A /* Parser.swift */ = {isa = PBXFileReference; lastKnownFileType = sourcecode.swift; path = Parser.swift; sourceTree = "<group>"; };
		EB99B1CD2376D62200B93C9A /* ModelBase.swift */ = {isa = PBXFileReference; lastKnownFileType = sourcecode.swift; path = ModelBase.swift; sourceTree = "<group>"; };
		EB99B1DB2376DB2B00B93C9A /* CommandBase.swift */ = {isa = PBXFileReference; lastKnownFileType = sourcecode.swift; path = CommandBase.swift; sourceTree = "<group>"; };
		EB99B1DD2376DB4300B93C9A /* CommandCallbacks.swift */ = {isa = PBXFileReference; lastKnownFileType = sourcecode.swift; path = CommandCallbacks.swift; sourceTree = "<group>"; };
		EB99B1DF2376DB5A00B93C9A /* Reachability.swift */ = {isa = PBXFileReference; lastKnownFileType = sourcecode.swift; path = Reachability.swift; sourceTree = "<group>"; };
		EB99B1E12376DC5100B93C9A /* Execute.swift */ = {isa = PBXFileReference; lastKnownFileType = sourcecode.swift; path = Execute.swift; sourceTree = "<group>"; };
/* End PBXFileReference section */

/* Begin PBXFrameworksBuildPhase section */
		EB99B1AB2376D35900B93C9A /* Frameworks */ = {
			isa = PBXFrameworksBuildPhase;
			buildActionMask = 2147483647;
			files = (
			);
			runOnlyForDeploymentPostprocessing = 0;
		};
/* End PBXFrameworksBuildPhase section */

/* Begin PBXGroup section */
		EB6E13432376E798002FEF40 /* View */ = {
			isa = PBXGroup;
			children = (
				EB6E13442376E7DD002FEF40 /* MyView.swift */,
			);
			path = View;
			sourceTree = "<group>";
		};
		EB99B1A42376D35900B93C9A = {
			isa = PBXGroup;
			children = (
				EB99B1B02376D35900B93C9A /* BaseLibrary */,
				EB99B1AF2376D35900B93C9A /* Products */,
			);
			sourceTree = "<group>";
		};
		EB99B1AF2376D35900B93C9A /* Products */ = {
			isa = PBXGroup;
			children = (
				EB99B1AE2376D35900B93C9A /* BaseLibrary.framework */,
			);
			name = Products;
			sourceTree = "<group>";
		};
		EB99B1B02376D35900B93C9A /* BaseLibrary */ = {
			isa = PBXGroup;
			children = (
				EB6E13432376E798002FEF40 /* View */,
				EB99B1DA2376DB0E00B93C9A /* Command */,
				EB99B1CC2376D61300B93C9A /* Model */,
				EB99B1B92376D3B700B93C9A /* Facade */,
				EB99B1B12376D35900B93C9A /* BaseLibrary.h */,
				EB99B1B22376D35900B93C9A /* Info.plist */,
				EB99B1E12376DC5100B93C9A /* Execute.swift */,
			);
			path = BaseLibrary;
			sourceTree = "<group>";
		};
		EB99B1B92376D3B700B93C9A /* Facade */ = {
			isa = PBXGroup;
			children = (
				EB99B1BA2376D3EE00B93C9A /* FacadeBase.swift */,
				EB99B1BC2376D41300B93C9A /* FacadeClient.swift */,
				EB99B1BE2376D41E00B93C9A /* Parser.swift */,
			);
			path = Facade;
			sourceTree = "<group>";
		};
		EB99B1CC2376D61300B93C9A /* Model */ = {
			isa = PBXGroup;
			children = (
				EB99B1CD2376D62200B93C9A /* ModelBase.swift */,
			);
			path = Model;
			sourceTree = "<group>";
		};
		EB99B1DA2376DB0E00B93C9A /* Command */ = {
			isa = PBXGroup;
			children = (
				EB99B1DB2376DB2B00B93C9A /* CommandBase.swift */,
				EB99B1DD2376DB4300B93C9A /* CommandCallbacks.swift */,
				EB99B1DF2376DB5A00B93C9A /* Reachability.swift */,
			);
			path = Command;
			sourceTree = "<group>";
		};
/* End PBXGroup section */

/* Begin PBXHeadersBuildPhase section */
		EB99B1A92376D35900B93C9A /* Headers */ = {
			isa = PBXHeadersBuildPhase;
			buildActionMask = 2147483647;
			files = (
				EB99B1B32376D35900B93C9A /* BaseLibrary.h in Headers */,
			);
			runOnlyForDeploymentPostprocessing = 0;
		};
/* End PBXHeadersBuildPhase section */

/* Begin PBXNativeTarget section */
		EB99B1AD2376D35900B93C9A /* BaseLibrary */ = {
			isa = PBXNativeTarget;
			buildConfigurationList = EB99B1B62376D35900B93C9A /* Build configuration list for PBXNativeTarget "BaseLibrary" */;
			buildPhases = (
				EB99B1A92376D35900B93C9A /* Headers */,
				EB99B1AA2376D35900B93C9A /* Sources */,
				EB99B1AB2376D35900B93C9A /* Frameworks */,
				EB99B1AC2376D35900B93C9A /* Resources */,
			);
			buildRules = (
			);
			dependencies = (
			);
			name = BaseLibrary;
			productName = BaseLibrary;
			productReference = EB99B1AE2376D35900B93C9A /* BaseLibrary.framework */;
			productType = "com.apple.product-type.framework";
		};
/* End PBXNativeTarget section */

/* Begin PBXProject section */
		EB99B1A52376D35900B93C9A /* Project object */ = {
			isa = PBXProject;
			attributes = {
				LastUpgradeCheck = 1120;
				ORGANIZATIONNAME = eblasco;
				TargetAttributes = {
					EB99B1AD2376D35900B93C9A = {
						CreatedOnToolsVersion = 11.2;
						LastSwiftMigration = 1120;
					};
				};
			};
			buildConfigurationList = EB99B1A82376D35900B93C9A /* Build configuration list for PBXProject "BaseLibrary" */;
			compatibilityVersion = "Xcode 9.3";
			developmentRegion = en;
			hasScannedForEncodings = 0;
			knownRegions = (
				en,
				Base,
			);
			mainGroup = EB99B1A42376D35900B93C9A;
			productRefGroup = EB99B1AF2376D35900B93C9A /* Products */;
			projectDirPath = "";
			projectRoot = "";
			targets = (
				EB99B1AD2376D35900B93C9A /* BaseLibrary */,
			);
		};
/* End PBXProject section */

/* Begin PBXResourcesBuildPhase section */
		EB99B1AC2376D35900B93C9A /* Resources */ = {
			isa = PBXResourcesBuildPhase;
			buildActionMask = 2147483647;
			files = (
			);
			runOnlyForDeploymentPostprocessing = 0;
		};
/* End PBXResourcesBuildPhase section */

/* Begin PBXSourcesBuildPhase section */
		EB99B1AA2376D35900B93C9A /* Sources */ = {
			isa = PBXSourcesBuildPhase;
			buildActionMask = 2147483647;
			files = (
				EB99B1E02376DB5A00B93C9A /* Reachability.swift in Sources */,
				EB99B1BD2376D41300B93C9A /* FacadeClient.swift in Sources */,
				EB99B1BB2376D3EE00B93C9A /* FacadeBase.swift in Sources */,
				EB6E13452376E7DD002FEF40 /* MyView.swift in Sources */,
				EB99B1E22376DC5100B93C9A /* Execute.swift in Sources */,
				EB99B1CE2376D62200B93C9A /* ModelBase.swift in Sources */,
				EB99B1BF2376D41E00B93C9A /* Parser.swift in Sources */,
				EB99B1DE2376DB4300B93C9A /* CommandCallbacks.swift in Sources */,
				EB99B1DC2376DB2B00B93C9A /* CommandBase.swift in Sources */,
			);
			runOnlyForDeploymentPostprocessing = 0;
		};
/* End PBXSourcesBuildPhase section */

/* Begin XCBuildConfiguration section */
		EB99B1B42376D35900B93C9A /* Debug */ = {
			isa = XCBuildConfiguration;
			buildSettings = {
				ALWAYS_SEARCH_USER_PATHS = NO;
				CLANG_ANALYZER_NONNULL = YES;
				CLANG_ANALYZER_NUMBER_OBJECT_CONVERSION = YES_AGGRESSIVE;
				CLANG_CXX_LANGUAGE_STANDARD = "gnu++14";
				CLANG_CXX_LIBRARY = "libc++";
				CLANG_ENABLE_MODULES = YES;
				CLANG_ENABLE_OBJC_ARC = YES;
				CLANG_ENABLE_OBJC_WEAK = YES;
				CLANG_WARN_BLOCK_CAPTURE_AUTORELEASING = YES;
				CLANG_WARN_BOOL_CONVERSION = YES;
				CLANG_WARN_COMMA = YES;
				CLANG_WARN_CONSTANT_CONVERSION = YES;
				CLANG_WARN_DEPRECATED_OBJC_IMPLEMENTATIONS = YES;
				CLANG_WARN_DIRECT_OBJC_ISA_USAGE = YES_ERROR;
				CLANG_WARN_DOCUMENTATION_COMMENTS = YES;
				CLANG_WARN_EMPTY_BODY = YES;
				CLANG_WARN_ENUM_CONVERSION = YES;
				CLANG_WARN_INFINITE_RECURSION = YES;
				CLANG_WARN_INT_CONVERSION = YES;
				CLANG_WARN_NON_LITERAL_NULL_CONVERSION = YES;
				CLANG_WARN_OBJC_IMPLICIT_RETAIN_SELF = YES;
				CLANG_WARN_OBJC_LITERAL_CONVERSION = YES;
				CLANG_WARN_OBJC_ROOT_CLASS = YES_ERROR;
				CLANG_WARN_RANGE_LOOP_ANALYSIS = YES;
				CLANG_WARN_STRICT_PROTOTYPES = YES;
				CLANG_WARN_SUSPICIOUS_MOVE = YES;
				CLANG_WARN_UNGUARDED_AVAILABILITY = YES_AGGRESSIVE;
				CLANG_WARN_UNREACHABLE_CODE = YES;
				CLANG_WARN__DUPLICATE_METHOD_MATCH = YES;
				COPY_PHASE_STRIP = NO;
				CURRENT_PROJECT_VERSION = 1;
				DEBUG_INFORMATION_FORMAT = dwarf;
				ENABLE_STRICT_OBJC_MSGSEND = YES;
				ENABLE_TESTABILITY = YES;
				GCC_C_LANGUAGE_STANDARD = gnu11;
				GCC_DYNAMIC_NO_PIC = NO;
				GCC_NO_COMMON_BLOCKS = YES;
				GCC_OPTIMIZATION_LEVEL = 0;
				GCC_PREPROCESSOR_DEFINITIONS = (
					"DEBUG=1",
					"$(inherited)",
				);
				GCC_WARN_64_TO_32_BIT_CONVERSION = YES;
				GCC_WARN_ABOUT_RETURN_TYPE = YES_ERROR;
				GCC_WARN_UNDECLARED_SELECTOR = YES;
				GCC_WARN_UNINITIALIZED_AUTOS = YES_AGGRESSIVE;
				GCC_WARN_UNUSED_FUNCTION = YES;
				GCC_WARN_UNUSED_VARIABLE = YES;
				IPHONEOS_DEPLOYMENT_TARGET = 13.2;
				MTL_ENABLE_DEBUG_INFO = INCLUDE_SOURCE;
				MTL_FAST_MATH = YES;
				ONLY_ACTIVE_ARCH = YES;
				SDKROOT = iphoneos;
				SWIFT_ACTIVE_COMPILATION_CONDITIONS = DEBUG;
				SWIFT_OPTIMIZATION_LEVEL = "-Onone";
				VERSIONING_SYSTEM = "apple-generic";
				VERSION_INFO_PREFIX = "";
			};
			name = Debug;
		};
		EB99B1B52376D35900B93C9A /* Release */ = {
			isa = XCBuildConfiguration;
			buildSettings = {
				ALWAYS_SEARCH_USER_PATHS = NO;
				CLANG_ANALYZER_NONNULL = YES;
				CLANG_ANALYZER_NUMBER_OBJECT_CONVERSION = YES_AGGRESSIVE;
				CLANG_CXX_LANGUAGE_STANDARD = "gnu++14";
				CLANG_CXX_LIBRARY = "libc++";
				CLANG_ENABLE_MODULES = YES;
				CLANG_ENABLE_OBJC_ARC = YES;
				CLANG_ENABLE_OBJC_WEAK = YES;
				CLANG_WARN_BLOCK_CAPTURE_AUTORELEASING = YES;
				CLANG_WARN_BOOL_CONVERSION = YES;
				CLANG_WARN_COMMA = YES;
				CLANG_WARN_CONSTANT_CONVERSION = YES;
				CLANG_WARN_DEPRECATED_OBJC_IMPLEMENTATIONS = YES;
				CLANG_WARN_DIRECT_OBJC_ISA_USAGE = YES_ERROR;
				CLANG_WARN_DOCUMENTATION_COMMENTS = YES;
				CLANG_WARN_EMPTY_BODY = YES;
				CLANG_WARN_ENUM_CONVERSION = YES;
				CLANG_WARN_INFINITE_RECURSION = YES;
				CLANG_WARN_INT_CONVERSION = YES;
				CLANG_WARN_NON_LITERAL_NULL_CONVERSION = YES;
				CLANG_WARN_OBJC_IMPLICIT_RETAIN_SELF = YES;
				CLANG_WARN_OBJC_LITERAL_CONVERSION = YES;
				CLANG_WARN_OBJC_ROOT_CLASS = YES_ERROR;
				CLANG_WARN_RANGE_LOOP_ANALYSIS = YES;
				CLANG_WARN_STRICT_PROTOTYPES = YES;
				CLANG_WARN_SUSPICIOUS_MOVE = YES;
				CLANG_WARN_UNGUARDED_AVAILABILITY = YES_AGGRESSIVE;
				CLANG_WARN_UNREACHABLE_CODE = YES;
				CLANG_WARN__DUPLICATE_METHOD_MATCH = YES;
				COPY_PHASE_STRIP = NO;
				CURRENT_PROJECT_VERSION = 1;
				DEBUG_INFORMATION_FORMAT = "dwarf-with-dsym";
				ENABLE_NS_ASSERTIONS = NO;
				ENABLE_STRICT_OBJC_MSGSEND = YES;
				GCC_C_LANGUAGE_STANDARD = gnu11;
				GCC_NO_COMMON_BLOCKS = YES;
				GCC_WARN_64_TO_32_BIT_CONVERSION = YES;
				GCC_WARN_ABOUT_RETURN_TYPE = YES_ERROR;
				GCC_WARN_UNDECLARED_SELECTOR = YES;
				GCC_WARN_UNINITIALIZED_AUTOS = YES_AGGRESSIVE;
				GCC_WARN_UNUSED_FUNCTION = YES;
				GCC_WARN_UNUSED_VARIABLE = YES;
				IPHONEOS_DEPLOYMENT_TARGET = 13.2;
				MTL_ENABLE_DEBUG_INFO = NO;
				MTL_FAST_MATH = YES;
				SDKROOT = iphoneos;
				SWIFT_COMPILATION_MODE = wholemodule;
				SWIFT_OPTIMIZATION_LEVEL = "-O";
				VALIDATE_PRODUCT = YES;
				VERSIONING_SYSTEM = "apple-generic";
				VERSION_INFO_PREFIX = "";
			};
			name = Release;
		};
		EB99B1B72376D35900B93C9A /* Debug */ = {
			isa = XCBuildConfiguration;
			buildSettings = {
				CLANG_ENABLE_MODULES = YES;
				CODE_SIGN_STYLE = Automatic;
				DEFINES_MODULE = YES;
				DEVELOPMENT_TEAM = A3L92LM3VG;
				DYLIB_COMPATIBILITY_VERSION = 1;
				DYLIB_CURRENT_VERSION = 1;
				DYLIB_INSTALL_NAME_BASE = "@rpath";
				INFOPLIST_FILE = BaseLibrary/Info.plist;
				INSTALL_PATH = "$(LOCAL_LIBRARY_DIR)/Frameworks";
				IPHONEOS_DEPLOYMENT_TARGET = 13.0;
				LD_RUNPATH_SEARCH_PATHS = (
					"$(inherited)",
					"@executable_path/Frameworks",
					"@loader_path/Frameworks",
				);
				PRODUCT_BUNDLE_IDENTIFIER = es.eblasco.BaseLibrary;
				PRODUCT_NAME = "$(TARGET_NAME:c99extidentifier)";
				SKIP_INSTALL = YES;
				SWIFT_OPTIMIZATION_LEVEL = "-Onone";
				SWIFT_VERSION = 5.0;
				TARGETED_DEVICE_FAMILY = "1,2";
			};
			name = Debug;
		};
		EB99B1B82376D35900B93C9A /* Release */ = {
			isa = XCBuildConfiguration;
			buildSettings = {
				CLANG_ENABLE_MODULES = YES;
				CODE_SIGN_STYLE = Automatic;
				DEFINES_MODULE = YES;
				DEVELOPMENT_TEAM = A3L92LM3VG;
				DYLIB_COMPATIBILITY_VERSION = 1;
				DYLIB_CURRENT_VERSION = 1;
				DYLIB_INSTALL_NAME_BASE = "@rpath";
				INFOPLIST_FILE = BaseLibrary/Info.plist;
				INSTALL_PATH = "$(LOCAL_LIBRARY_DIR)/Frameworks";
				IPHONEOS_DEPLOYMENT_TARGET = 13.0;
				LD_RUNPATH_SEARCH_PATHS = (
					"$(inherited)",
					"@executable_path/Frameworks",
					"@loader_path/Frameworks",
				);
				PRODUCT_BUNDLE_IDENTIFIER = es.eblasco.BaseLibrary;
				PRODUCT_NAME = "$(TARGET_NAME:c99extidentifier)";
				SKIP_INSTALL = YES;
				SWIFT_VERSION = 5.0;
				TARGETED_DEVICE_FAMILY = "1,2";
			};
			name = Release;
		};
/* End XCBuildConfiguration section */

/* Begin XCConfigurationList section */
		EB99B1A82376D35900B93C9A /* Build configuration list for PBXProject "BaseLibrary" */ = {
			isa = XCConfigurationList;
			buildConfigurations = (
				EB99B1B42376D35900B93C9A /* Debug */,
				EB99B1B52376D35900B93C9A /* Release */,
			);
			defaultConfigurationIsVisible = 0;
			defaultConfigurationName = Release;
		};
		EB99B1B62376D35900B93C9A /* Build configuration list for PBXNativeTarget "BaseLibrary" */ = {
			isa = XCConfigurationList;
			buildConfigurations = (
				EB99B1B72376D35900B93C9A /* Debug */,
				EB99B1B82376D35900B93C9A /* Release */,
			);
			defaultConfigurationIsVisible = 0;
			defaultConfigurationName = Release;
		};
/* End XCConfigurationList section */
	};
	rootObject = EB99B1A52376D35900B93C9A /* Project object */;
}
